{
  "requires": true,
  "lockfileVersion": 1,
  "dependencies": {
    "@egjs/agent": {
      "version": "2.1.6",
      "resolved": "https://registry.npmjs.org/@egjs/agent/-/agent-2.1.6.tgz",
      "integrity": "sha512-CQki1TnMrYhXg0F46pYH4MSgIUP1fciCRp8n4ubA/3iUn874bWUiwgCjKCzWfmtgtH4pp51/DorDM3bnXmjLVw=="
    },
    "@egjs/axes": {
      "version": "2.7.0",
      "resolved": "https://registry.npmjs.org/@egjs/axes/-/axes-2.7.0.tgz",
      "integrity": "sha512-KBbzvoVRMq0QSAykSxJsiQAO+JVObpNQz85STS0jARC8LnmvC1xcI8wivB12iNQI3TSK3PJVkb/d3GtAYpo4Hw==",
      "requires": {
        "@egjs/agent": "^2.1.5",
        "@egjs/component": "^2.1.2",
        "@egjs/hammerjs": "^2.0.15"
      }
    },
    "@egjs/children-differ": {
      "version": "1.0.1",
      "resolved": "https://registry.npmjs.org/@egjs/children-differ/-/children-differ-1.0.1.tgz",
      "integrity": "sha512-DRvyqMf+CPCOzAopQKHtW+X8iN6Hy6SFol+/7zCUiE5y4P/OB8JP8FtU4NxtZwtafvSL4faD5KoQYPj3JHzPFQ==",
      "requires": {
        "@egjs/list-differ": "^1.0.0"
      }
    },
    "@egjs/component": {
      "version": "2.1.2",
      "resolved": "https://registry.npmjs.org/@egjs/component/-/component-2.1.2.tgz",
      "integrity": "sha512-7tnPiqxbSZ0porzlm0+/O3qZdanMj0zOq0sb17wQXuaRG49XKKKJaO+SacGnZDqf308N5hzJ0m9fZ4+j+VBvXA=="
    },
    "@egjs/flicking": {
      "version": "3.4.7",
      "resolved": "https://registry.npmjs.org/@egjs/flicking/-/flicking-3.4.7.tgz",
      "integrity": "sha512-RM9GHGcDOvyUBj3U6lJKCtUJiu/Z0rvivuZILymPqLPplBu8crbLp+sKkb5uVJavupp7Czssu8zLgZGNFlsIiQ==",
      "requires": {
        "@egjs/axes": "^2.5.13",
        "@egjs/component": "^2.1.2",
        "@egjs/list-differ": "^1.0.0"
      }
    },
    "@egjs/flicking-plugins": {
      "version": "3.2.0",
      "resolved": "https://registry.npmjs.org/@egjs/flicking-plugins/-/flicking-plugins-3.2.0.tgz",
      "integrity": "sha512-Kmjs58iBLFcr3Wef83zZdcS12eeN5vcY/Bhhbu0GjOfWcpf+8pBIb6nmA0aKOw0wzj47Jek6wVrsxSgpX13a7Q==",
      "requires": {
        "@egjs/flicking": "^3.1.1"
      }
    },
    "@egjs/hammerjs": {
      "version": "2.0.17",
      "resolved": "https://registry.npmjs.org/@egjs/hammerjs/-/hammerjs-2.0.17.tgz",
      "integrity": "sha512-XQsZgjm2EcVUiZQf11UBJQfmZeEmOW8DpI1gsFeln6w0ae0ii4dMQEQ0kjl6DspdWX1aGY1/loyXnP0JS06e/A==",
      "requires": {
        "@types/hammerjs": "^2.0.36"
      }
    },
    "@egjs/list-differ": {
      "version": "1.0.0",
      "resolved": "https://registry.npmjs.org/@egjs/list-differ/-/list-differ-1.0.0.tgz",
      "integrity": "sha512-HsbMKc0ZAQH+EUeCmI/2PvTYSybmkaWwakU8QGDYYgMVIg9BQ5sM0A0Nnombjxo2+JzXHxmH+jw//yGX+y6GYw=="
    },
    "@egjs/react-flicking": {
      "version": "3.2.2",
      "resolved": "https://registry.npmjs.org/@egjs/react-flicking/-/react-flicking-3.2.2.tgz",
      "integrity": "sha512-jyz1teDs+CBdSZQgnlaXB2JHaNO6NzdQZlEHBNHEj3YG3+8KZD/rzHZjOearh4iLk5NKGy+TDxYPFxvIdChKOA==",
      "requires": {
        "@egjs/children-differ": "^1.0.1",
        "@egjs/flicking": "^3.4.7",
        "@egjs/list-differ": "^1.0.0"
      }
    },
    "@types/hammerjs": {
      "version": "2.0.36",
      "resolved": "https://registry.npmjs.org/@types/hammerjs/-/hammerjs-2.0.36.tgz",
      "integrity": "sha512-7TUK/k2/QGpEAv/BCwSHlYu3NXZhQ9ZwBYpzr9tjlPIL2C5BeGhH3DmVavRx3ZNyELX5TLC91JTz/cen6AAtIQ=="
    }
  }
}
